{
  "name": "wordpress-hybrid-client",
  "version": "3.0.0-alpha03",
  "lockfileVersion": 1,
  "requires": true,
  "dependencies": {
    "@types/node": {
      "version": "7.0.64",
      "resolved": "https://registry.npmjs.org/@types/node/-/node-7.0.64.tgz",
      "integrity": "sha512-i8KiWTXKD8O76LjlTt+lK/8CUY/FDLbw5djHNrEK1SjOM6MAcZhvhskCX8vsujdxVD+UeX7SvusEzchLY4UBYQ==",
      "dev": true
    }
  }
}
